
Microsoft Visual Studio Solution File, Format Version 12.00
# Visual Studio Version 17
VisualStudioVersion = 17.5.33516.290
MinimumVisualStudioVersion = 10.0.40219.1
Project("{FAE04EC0-301F-11D3-BF4B-00C04F79EFBC}") = "CS_DataStructure", "CS_DataStructure.csproj", "{8CBA3852-8C43-436D-B4DA-CFEC6B0D4D83}"
EndProject
Global
	GlobalSection(SolutionConfigurationPlatforms) = preSolution
		Debug|Any CPU = Debug|Any CPU
		Release|Any CPU = Release|Any CPU
	EndGlobalSection
	GlobalSection(ProjectConfigurationPlatforms) = postSolution
		{8CBA3852-8C43-436D-B4DA-CFEC6B0D4D83}.Debug|Any CPU.ActiveCfg = Debug|Any CPU
		{8CBA3852-8C43-436D-B4DA-CFEC6B0D4D83}.Debug|Any CPU.Build.0 = Debug|Any CPU
		{8CBA3852-8C43-436D-B4DA-CFEC6B0D4D83}.Release|Any CPU.ActiveCfg = Release|Any CPU
		{8CBA3852-8C43-436D-B4DA-CFEC6B0D4D83}.Release|Any CPU.Build.0 = Release|Any CPU
	EndGlobalSection
	GlobalSection(SolutionProperties) = preSolution
		HideSolutionNode = FALSE
	EndGlobalSection
	GlobalSection(ExtensibilityGlobals) = postSolution
		SolutionGuid = {86DF8CBF-E8AA-4BCA-9890-E3CD5977351B}
	EndGlobalSection
EndGlobal
